
Microsoft Visual Studio Solution File, Format Version 12.00
# Visual Studio Version 17
VisualStudioVersion = 17.0.31903.59
MinimumVisualStudioVersion = 10.0.40219.1
Project("{2150E333-8FDC-42A3-9474-1A3956D46DE8}") = "src", "src", "{827E0CD3-B72D-47B6-A68D-7590B98EB39B}"
EndProject
Project("{FAE04EC0-301F-11D3-BF4B-00C04F79EFBC}") = "HVTradingBot.Api", "src\HVTradingBot.Api\HVTradingBot.Api.csproj", "{8C4A8C46-5F13-44D5-BAF2-9C96A038A00A}"
EndProject
Project("{FAE04EC0-301F-11D3-BF4B-00C04F79EFBC}") = "HVTradingBot.Application", "src\HVTradingBot.Application\HVTradingBot.Application.csproj", "{C20CA9FF-3E8C-43FA-90D9-356173CFB081}"
EndProject
Project("{FAE04EC0-301F-11D3-BF4B-00C04F79EFBC}") = "HVTradingBot.Contracts", "src\HVTradingBot.Contracts\HVTradingBot.Contracts.csproj", "{3C1E07CD-19EC-4770-B33B-3C4E6578C9F2}"
EndProject
Project("{FAE04EC0-301F-11D3-BF4B-00C04F79EFBC}") = "HVTradingBot.Domain", "src\HVTradingBot.Domain\HVTradingBot.Domain.csproj", "{E9040B24-94D0-470C-A7E1-EF54A88C14C0}"
EndProject
Project("{FAE04EC0-301F-11D3-BF4B-00C04F79EFBC}") = "HVTradingBot.Infrastructure", "src\HVTradingBot.Infrastructure\HVTradingBot.Infrastructure.csproj", "{E4A8B6F7-D685-4AE2-8824-D921B046D14E}"
EndProject
Project("{FAE04EC0-301F-11D3-BF4B-00C04F79EFBC}") = "HVTradingBot.Worker", "src\HVTradingBot.Worker\HVTradingBot.Worker.csproj", "{70507F7A-92CC-47E7-B067-1DB431D22F1A}"
EndProject
Project("{2150E333-8FDC-42A3-9474-1A3956D46DE8}") = "tests", "tests", "{0AB3BF05-4346-4AA6-1389-037BE0695223}"
EndProject
Project("{FAE04EC0-301F-11D3-BF4B-00C04F79EFBC}") = "HVTradingBot.ArchitectureTests", "tests\HVTradingBot.ArchitectureTests\HVTradingBot.ArchitectureTests.csproj", "{A585B548-E601-434E-ACE2-377CF9237591}"
EndProject
Project("{FAE04EC0-301F-11D3-BF4B-00C04F79EFBC}") = "HVTradingBot.IntegrationTests", "tests\HVTradingBot.IntegrationTests\HVTradingBot.IntegrationTests.csproj", "{F9AA635A-2264-4223-B6FF-0C86405E7C25}"
EndProject
Project("{FAE04EC0-301F-11D3-BF4B-00C04F79EFBC}") = "HVTradingBot.UnitTests", "tests\HVTradingBot.UnitTests\HVTradingBot.UnitTests.csproj", "{F12AB107-4925-4080-A5DA-15849F9E5958}"
EndProject
Project("{FAE04EC0-301F-11D3-BF4B-00C04F79EFBC}") = "HVTradingBot.App.Core", "src\HVTradingBot.App.Core\HVTradingBot.App.Core.csproj", "{5B392ED3-85C5-416B-81E4-6AC6896D42D3}"
EndProject
Project("{FAE04EC0-301F-11D3-BF4B-00C04F79EFBC}") = "HVTradingBot.App.Tests", "tests\HVTradingBot.App.Tests\HVTradingBot.App.Tests.csproj", "{46712667-D981-4637-B9E9-FCC574FC3950}"
EndProject
Project("{FAE04EC0-301F-11D3-BF4B-00C04F79EFBC}") = "HVTradingBot.Infrastructure.Sqlite", "src\HVTradingBot.Infrastructure.Sqlite\HVTradingBot.Infrastructure.Sqlite.csproj", "{56A73F0B-CBC2-4233-8A11-4FC0D5C187B6}"
EndProject
Project("{FAE04EC0-301F-11D3-BF4B-00C04F79EFBC}") = "HVTradingBot.Hosting", "src\HVTradingBot.Hosting\HVTradingBot.Hosting.csproj", "{C761A616-E8CE-4E49-B090-A6453F41E3A9}"
EndProject
Project("{FAE04EC0-301F-11D3-BF4B-00C04F79EFBC}") = "HVTradingBot.Dashboard", "src\HVTradingBot.Dashboard\HVTradingBot.Dashboard.csproj", "{BFB1FBB3-626B-49AF-B341-40C3A9062DF5}"
EndProject
Global
	GlobalSection(SolutionConfigurationPlatforms) = preSolution
		Debug|Any CPU = Debug|Any CPU
		Debug|x64 = Debug|x64
		Debug|x86 = Debug|x86
		Release|Any CPU = Release|Any CPU
		Release|x64 = Release|x64
		Release|x86 = Release|x86
	EndGlobalSection
	GlobalSection(ProjectConfigurationPlatforms) = postSolution
		{8C4A8C46-5F13-44D5-BAF2-9C96A038A00A}.Debug|Any CPU.ActiveCfg = Debug|Any CPU
		{8C4A8C46-5F13-44D5-BAF2-9C96A038A00A}.Debug|Any CPU.Build.0 = Debug|Any CPU
		{8C4A8C46-5F13-44D5-BAF2-9C96A038A00A}.Debug|x64.ActiveCfg = Debug|Any CPU
		{8C4A8C46-5F13-44D5-BAF2-9C96A038A00A}.Debug|x64.Build.0 = Debug|Any CPU
		{8C4A8C46-5F13-44D5-BAF2-9C96A038A00A}.Debug|x86.ActiveCfg = Debug|Any CPU
		{8C4A8C46-5F13-44D5-BAF2-9C96A038A00A}.Debug|x86.Build.0 = Debug|Any CPU
		{8C4A8C46-5F13-44D5-BAF2-9C96A038A00A}.Release|Any CPU.ActiveCfg = Release|Any CPU
		{8C4A8C46-5F13-44D5-BAF2-9C96A038A00A}.Release|Any CPU.Build.0 = Release|Any CPU
		{8C4A8C46-5F13-44D5-BAF2-9C96A038A00A}.Release|x64.ActiveCfg = Release|Any CPU
		{8C4A8C46-5F13-44D5-BAF2-9C96A038A00A}.Release|x64.Build.0 = Release|Any CPU
		{8C4A8C46-5F13-44D5-BAF2-9C96A038A00A}.Release|x86.ActiveCfg = Release|Any CPU
		{8C4A8C46-5F13-44D5-BAF2-9C96A038A00A}.Release|x86.Build.0 = Release|Any CPU
		{C20CA9FF-3E8C-43FA-90D9-356173CFB081}.Debug|Any CPU.ActiveCfg = Debug|Any CPU
		{C20CA9FF-3E8C-43FA-90D9-356173CFB081}.Debug|Any CPU.Build.0 = Debug|Any CPU
		{C20CA9FF-3E8C-43FA-90D9-356173CFB081}.Debug|x64.ActiveCfg = Debug|Any CPU
		{C20CA9FF-3E8C-43FA-90D9-356173CFB081}.Debug|x64.Build.0 = Debug|Any CPU
		{C20CA9FF-3E8C-43FA-90D9-356173CFB081}.Debug|x86.ActiveCfg = Debug|Any CPU
		{C20CA9FF-3E8C-43FA-90D9-356173CFB081}.Debug|x86.Build.0 = Debug|Any CPU
		{C20CA9FF-3E8C-43FA-90D9-356173CFB081}.Release|Any CPU.ActiveCfg = Release|Any CPU
		{C20CA9FF-3E8C-43FA-90D9-356173CFB081}.Release|Any CPU.Build.0 = Release|Any CPU
		{C20CA9FF-3E8C-43FA-90D9-356173CFB081}.Release|x64.ActiveCfg = Release|Any CPU
		{C20CA9FF-3E8C-43FA-90D9-356173CFB081}.Release|x64.Build.0 = Release|Any CPU
		{C20CA9FF-3E8C-43FA-90D9-356173CFB081}.Release|x86.ActiveCfg = Release|Any CPU
		{C20CA9FF-3E8C-43FA-90D9-356173CFB081}.Release|x86.Build.0 = Release|Any CPU
		{3C1E07CD-19EC-4770-B33B-3C4E6578C9F2}.Debug|Any CPU.ActiveCfg = Debug|Any CPU
		{3C1E07CD-19EC-4770-B33B-3C4E6578C9F2}.Debug|Any CPU.Build.0 = Debug|Any CPU
		{3C1E07CD-19EC-4770-B33B-3C4E6578C9F2}.Debug|x64.ActiveCfg = Debug|Any CPU
		{3C1E07CD-19EC-4770-B33B-3C4E6578C9F2}.Debug|x64.Build.0 = Debug|Any CPU
		{3C1E07CD-19EC-4770-B33B-3C4E6578C9F2}.Debug|x86.ActiveCfg = Debug|Any CPU
		{3C1E07CD-19EC-4770-B33B-3C4E6578C9F2}.Debug|x86.Build.0 = Debug|Any CPU
		{3C1E07CD-19EC-4770-B33B-3C4E6578C9F2}.Release|Any CPU.ActiveCfg = Release|Any CPU
		{3C1E07CD-19EC-4770-B33B-3C4E6578C9F2}.Release|Any CPU.Build.0 = Release|Any CPU
		{3C1E07CD-19EC-4770-B33B-3C4E6578C9F2}.Release|x64.ActiveCfg = Release|Any CPU
		{3C1E07CD-19EC-4770-B33B-3C4E6578C9F2}.Release|x64.Build.0 = Release|Any CPU
		{3C1E07CD-19EC-4770-B33B-3C4E6578C9F2}.Release|x86.ActiveCfg = Release|Any CPU
		{3C1E07CD-19EC-4770-B33B-3C4E6578C9F2}.Release|x86.Build.0 = Release|Any CPU
		{E9040B24-94D0-470C-A7E1-EF54A88C14C0}.Debug|Any CPU.ActiveCfg = Debug|Any CPU
		{E9040B24-94D0-470C-A7E1-EF54A88C14C0}.Debug|Any CPU.Build.0 = Debug|Any CPU
		{E9040B24-94D0-470C-A7E1-EF54A88C14C0}.Debug|x64.ActiveCfg = Debug|Any CPU
		{E9040B24-94D0-470C-A7E1-EF54A88C14C0}.Debug|x64.Build.0 = Debug|Any CPU
		{E9040B24-94D0-470C-A7E1-EF54A88C14C0}.Debug|x86.ActiveCfg = Debug|Any CPU
		{E9040B24-94D0-470C-A7E1-EF54A88C14C0}.Debug|x86.Build.0 = Debug|Any CPU
		{E9040B24-94D0-470C-A7E1-EF54A88C14C0}.Release|Any CPU.ActiveCfg = Release|Any CPU
		{E9040B24-94D0-470C-A7E1-EF54A88C14C0}.Release|Any CPU.Build.0 = Release|Any CPU
		{E9040B24-94D0-470C-A7E1-EF54A88C14C0}.Release|x64.ActiveCfg = Release|Any CPU
		{E9040B24-94D0-470C-A7E1-EF54A88C14C0}.Release|x64.Build.0 = Release|Any CPU
		{E9040B24-94D0-470C-A7E1-EF54A88C14C0}.Release|x86.ActiveCfg = Release|Any CPU
		{E9040B24-94D0-470C-A7E1-EF54A88C14C0}.Release|x86.Build.0 = Release|Any CPU
		{E4A8B6F7-D685-4AE2-8824-D921B046D14E}.Debug|Any CPU.ActiveCfg = Debug|Any CPU
		{E4A8B6F7-D685-4AE2-8824-D921B046D14E}.Debug|Any CPU.Build.0 = Debug|Any CPU
		{E4A8B6F7-D685-4AE2-8824-D921B046D14E}.Debug|x64.ActiveCfg = Debug|Any CPU
		{E4A8B6F7-D685-4AE2-8824-D921B046D14E}.Debug|x64.Build.0 = Debug|Any CPU
		{E4A8B6F7-D685-4AE2-8824-D921B046D14E}.Debug|x86.ActiveCfg = Debug|Any CPU
		{E4A8B6F7-D685-4AE2-8824-D921B046D14E}.Debug|x86.Build.0 = Debug|Any CPU
		{E4A8B6F7-D685-4AE2-8824-D921B046D14E}.Release|Any CPU.ActiveCfg = Release|Any CPU
		{E4A8B6F7-D685-4AE2-8824-D921B046D14E}.Release|Any CPU.Build.0 = Release|Any CPU
		{E4A8B6F7-D685-4AE2-8824-D921B046D14E}.Release|x64.ActiveCfg = Release|Any CPU
		{E4A8B6F7-D685-4AE2-8824-D921B046D14E}.Release|x64.Build.0 = Release|Any CPU
		{E4A8B6F7-D685-4AE2-8824-D921B046D14E}.Release|x86.ActiveCfg = Release|Any CPU
		{E4A8B6F7-D685-4AE2-8824-D921B046D14E}.Release|x86.Build.0 = Release|Any CPU
		{70507F7A-92CC-47E7-B067-1DB431D22F1A}.Debug|Any CPU.ActiveCfg = Debug|Any CPU
		{70507F7A-92CC-47E7-B067-1DB431D22F1A}.Debug|Any CPU.Build.0 = Debug|Any CPU
		{70507F7A-92CC-47E7-B067-1DB431D22F1A}.Debug|x64.ActiveCfg = Debug|Any CPU
		{70507F7A-92CC-47E7-B067-1DB431D22F1A}.Debug|x64.Build.0 = Debug|Any CPU
		{70507F7A-92CC-47E7-B067-1DB431D22F1A}.Debug|x86.ActiveCfg = Debug|Any CPU
		{70507F7A-92CC-47E7-B067-1DB431D22F1A}.Debug|x86.Build.0 = Debug|Any CPU
		{70507F7A-92CC-47E7-B067-1DB431D22F1A}.Release|Any CPU.ActiveCfg = Release|Any CPU
		{70507F7A-92CC-47E7-B067-1DB431D22F1A}.Release|Any CPU.Build.0 = Release|Any CPU
		{70507F7A-92CC-47E7-B067-1DB431D22F1A}.Release|x64.ActiveCfg = Release|Any CPU
		{70507F7A-92CC-47E7-B067-1DB431D22F1A}.Release|x64.Build.0 = Release|Any CPU
		{70507F7A-92CC-47E7-B067-1DB431D22F1A}.Release|x86.ActiveCfg = Release|Any CPU
		{70507F7A-92CC-47E7-B067-1DB431D22F1A}.Release|x86.Build.0 = Release|Any CPU
		{A585B548-E601-434E-ACE2-377CF9237591}.Debug|Any CPU.ActiveCfg = Debug|Any CPU
		{A585B548-E601-434E-ACE2-377CF9237591}.Debug|Any CPU.Build.0 = Debug|Any CPU
		{A585B548-E601-434E-ACE2-377CF9237591}.Debug|x64.ActiveCfg = Debug|Any CPU
		{A585B548-E601-434E-ACE2-377CF9237591}.Debug|x64.Build.0 = Debug|Any CPU
		{A585B548-E601-434E-ACE2-377CF9237591}.Debug|x86.ActiveCfg = Debug|Any CPU
		{A585B548-E601-434E-ACE2-377CF9237591}.Debug|x86.Build.0 = Debug|Any CPU
		{A585B548-E601-434E-ACE2-377CF9237591}.Release|Any CPU.ActiveCfg = Release|Any CPU
		{A585B548-E601-434E-ACE2-377CF9237591}.Release|Any CPU.Build.0 = Release|Any CPU
		{A585B548-E601-434E-ACE2-377CF9237591}.Release|x64.ActiveCfg = Release|Any CPU
		{A585B548-E601-434E-ACE2-377CF9237591}.Release|x64.Build.0 = Release|Any CPU
		{A585B548-E601-434E-ACE2-377CF9237591}.Release|x86.ActiveCfg = Release|Any CPU
		{A585B548-E601-434E-ACE2-377CF9237591}.Release|x86.Build.0 = Release|Any CPU
		{F9AA635A-2264-4223-B6FF-0C86405E7C25}.Debug|Any CPU.ActiveCfg = Debug|Any CPU
		{F9AA635A-2264-4223-B6FF-0C86405E7C25}.Debug|Any CPU.Build.0 = Debug|Any CPU
		{F9AA635A-2264-4223-B6FF-0C86405E7C25}.Debug|x64.ActiveCfg = Debug|Any CPU
		{F9AA635A-2264-4223-B6FF-0C86405E7C25}.Debug|x64.Build.0 = Debug|Any CPU
		{F9AA635A-2264-4223-B6FF-0C86405E7C25}.Debug|x86.ActiveCfg = Debug|Any CPU
		{F9AA635A-2264-4223-B6FF-0C86405E7C25}.Debug|x86.Build.0 = Debug|Any CPU
		{F9AA635A-2264-4223-B6FF-0C86405E7C25}.Release|Any CPU.ActiveCfg = Release|Any CPU
		{F9AA635A-2264-4223-B6FF-0C86405E7C25}.Release|Any CPU.Build.0 = Release|Any CPU
		{F9AA635A-2264-4223-B6FF-0C86405E7C25}.Release|x64.ActiveCfg = Release|Any CPU
		{F9AA635A-2264-4223-B6FF-0C86405E7C25}.Release|x64.Build.0 = Release|Any CPU
		{F9AA635A-2264-4223-B6FF-0C86405E7C25}.Release|x86.ActiveCfg = Release|Any CPU
		{F9AA635A-2264-4223-B6FF-0C86405E7C25}.Release|x86.Build.0 = Release|Any CPU
		{F12AB107-4925-4080-A5DA-15849F9E5958}.Debug|Any CPU.ActiveCfg = Debug|Any CPU
		{F12AB107-4925-4080-A5DA-15849F9E5958}.Debug|Any CPU.Build.0 = Debug|Any CPU
		{F12AB107-4925-4080-A5DA-15849F9E5958}.Debug|x64.ActiveCfg = Debug|Any CPU
		{F12AB107-4925-4080-A5DA-15849F9E5958}.Debug|x64.Build.0 = Debug|Any CPU
		{F12AB107-4925-4080-A5DA-15849F9E5958}.Debug|x86.ActiveCfg = Debug|Any CPU
		{F12AB107-4925-4080-A5DA-15849F9E5958}.Debug|x86.Build.0 = Debug|Any CPU
		{F12AB107-4925-4080-A5DA-15849F9E5958}.Release|Any CPU.ActiveCfg = Release|Any CPU
		{F12AB107-4925-4080-A5DA-15849F9E5958}.Release|Any CPU.Build.0 = Release|Any CPU
		{F12AB107-4925-4080-A5DA-15849F9E5958}.Release|x64.ActiveCfg = Release|Any CPU
		{F12AB107-4925-4080-A5DA-15849F9E5958}.Release|x64.Build.0 = Release|Any CPU
		{F12AB107-4925-4080-A5DA-15849F9E5958}.Release|x86.ActiveCfg = Release|Any CPU
		{F12AB107-4925-4080-A5DA-15849F9E5958}.Release|x86.Build.0 = Release|Any CPU
		{5B392ED3-85C5-416B-81E4-6AC6896D42D3}.Debug|Any CPU.ActiveCfg = Debug|Any CPU
		{5B392ED3-85C5-416B-81E4-6AC6896D42D3}.Debug|Any CPU.Build.0 = Debug|Any CPU
		{5B392ED3-85C5-416B-81E4-6AC6896D42D3}.Debug|x64.ActiveCfg = Debug|Any CPU
		{5B392ED3-85C5-416B-81E4-6AC6896D42D3}.Debug|x64.Build.0 = Debug|Any CPU
		{5B392ED3-85C5-416B-81E4-6AC6896D42D3}.Debug|x86.ActiveCfg = Debug|Any CPU
		{5B392ED3-85C5-416B-81E4-6AC6896D42D3}.Debug|x86.Build.0 = Debug|Any CPU
		{5B392ED3-85C5-416B-81E4-6AC6896D42D3}.Release|Any CPU.ActiveCfg = Release|Any CPU
		{5B392ED3-85C5-416B-81E4-6AC6896D42D3}.Release|Any CPU.Build.0 = Release|Any CPU
		{5B392ED3-85C5-416B-81E4-6AC6896D42D3}.Release|x64.ActiveCfg = Release|Any CPU
		{5B392ED3-85C5-416B-81E4-6AC6896D42D3}.Release|x64.Build.0 = Release|Any CPU
		{5B392ED3-85C5-416B-81E4-6AC6896D42D3}.Release|x86.ActiveCfg = Release|Any CPU
		{5B392ED3-85C5-416B-81E4-6AC6896D42D3}.Release|x86.Build.0 = Release|Any CPU
		{46712667-D981-4637-B9E9-FCC574FC3950}.Debug|Any CPU.ActiveCfg = Debug|Any CPU
		{46712667-D981-4637-B9E9-FCC574FC3950}.Debug|Any CPU.Build.0 = Debug|Any CPU
		{46712667-D981-4637-B9E9-FCC574FC3950}.Debug|x64.ActiveCfg = Debug|Any CPU
		{46712667-D981-4637-B9E9-FCC574FC3950}.Debug|x64.Build.0 = Debug|Any CPU
		{46712667-D981-4637-B9E9-FCC574FC3950}.Debug|x86.ActiveCfg = Debug|Any CPU
		{46712667-D981-4637-B9E9-FCC574FC3950}.Debug|x86.Build.0 = Debug|Any CPU
		{46712667-D981-4637-B9E9-FCC574FC3950}.Release|Any CPU.ActiveCfg = Release|Any CPU
		{46712667-D981-4637-B9E9-FCC574FC3950}.Release|Any CPU.Build.0 = Release|Any CPU
		{46712667-D981-4637-B9E9-FCC574FC3950}.Release|x64.ActiveCfg = Release|Any CPU
		{46712667-D981-4637-B9E9-FCC574FC3950}.Release|x64.Build.0 = Release|Any CPU
		{46712667-D981-4637-B9E9-FCC574FC3950}.Release|x86.ActiveCfg = Release|Any CPU
		{46712667-D981-4637-B9E9-FCC574FC3950}.Release|x86.Build.0 = Release|Any CPU
		{56A73F0B-CBC2-4233-8A11-4FC0D5C187B6}.Debug|Any CPU.ActiveCfg = Debug|Any CPU
		{56A73F0B-CBC2-4233-8A11-4FC0D5C187B6}.Debug|Any CPU.Build.0 = Debug|Any CPU
		{56A73F0B-CBC2-4233-8A11-4FC0D5C187B6}.Debug|x64.ActiveCfg = Debug|Any CPU
		{56A73F0B-CBC2-4233-8A11-4FC0D5C187B6}.Debug|x64.Build.0 = Debug|Any CPU
		{56A73F0B-CBC2-4233-8A11-4FC0D5C187B6}.Debug|x86.ActiveCfg = Debug|Any CPU
		{56A73F0B-CBC2-4233-8A11-4FC0D5C187B6}.Debug|x86.Build.0 = Debug|Any CPU
		{56A73F0B-CBC2-4233-8A11-4FC0D5C187B6}.Release|Any CPU.ActiveCfg = Release|Any CPU
		{56A73F0B-CBC2-4233-8A11-4FC0D5C187B6}.Release|Any CPU.Build.0 = Release|Any CPU
		{56A73F0B-CBC2-4233-8A11-4FC0D5C187B6}.Release|x64.ActiveCfg = Release|Any CPU
		{56A73F0B-CBC2-4233-8A11-4FC0D5C187B6}.Release|x64.Build.0 = Release|Any CPU
		{56A73F0B-CBC2-4233-8A11-4FC0D5C187B6}.Release|x86.ActiveCfg = Release|Any CPU
		{56A73F0B-CBC2-4233-8A11-4FC0D5C187B6}.Release|x86.Build.0 = Release|Any CPU
		{C761A616-E8CE-4E49-B090-A6453F41E3A9}.Debug|Any CPU.ActiveCfg = Debug|Any CPU
		{C761A616-E8CE-4E49-B090-A6453F41E3A9}.Debug|Any CPU.Build.0 = Debug|Any CPU
		{C761A616-E8CE-4E49-B090-A6453F41E3A9}.Debug|x64.ActiveCfg = Debug|Any CPU
		{C761A616-E8CE-4E49-B090-A6453F41E3A9}.Debug|x64.Build.0 = Debug|Any CPU
		{C761A616-E8CE-4E49-B090-A6453F41E3A9}.Debug|x86.ActiveCfg = Debug|Any CPU
		{C761A616-E8CE-4E49-B090-A6453F41E3A9}.Debug|x86.Build.0 = Debug|Any CPU
		{C761A616-E8CE-4E49-B090-A6453F41E3A9}.Release|Any CPU.ActiveCfg = Release|Any CPU
		{C761A616-E8CE-4E49-B090-A6453F41E3A9}.Release|Any CPU.Build.0 = Release|Any CPU
		{C761A616-E8CE-4E49-B090-A6453F41E3A9}.Release|x64.ActiveCfg = Release|Any CPU
		{C761A616-E8CE-4E49-B090-A6453F41E3A9}.Release|x64.Build.0 = Release|Any CPU
		{C761A616-E8CE-4E49-B090-A6453F41E3A9}.Release|x86.ActiveCfg = Release|Any CPU
		{C761A616-E8CE-4E49-B090-A6453F41E3A9}.Release|x86.Build.0 = Release|Any CPU
		{BFB1FBB3-626B-49AF-B341-40C3A9062DF5}.Debug|Any CPU.ActiveCfg = Debug|Any CPU
		{BFB1FBB3-626B-49AF-B341-40C3A9062DF5}.Debug|Any CPU.Build.0 = Debug|Any CPU
		{BFB1FBB3-626B-49AF-B341-40C3A9062DF5}.Debug|x64.ActiveCfg = Debug|Any CPU
		{BFB1FBB3-626B-49AF-B341-40C3A9062DF5}.Debug|x64.Build.0 = Debug|Any CPU
		{BFB1FBB3-626B-49AF-B341-40C3A9062DF5}.Debug|x86.ActiveCfg = Debug|Any CPU
		{BFB1FBB3-626B-49AF-B341-40C3A9062DF5}.Debug|x86.Build.0 = Debug|Any CPU
		{BFB1FBB3-626B-49AF-B341-40C3A9062DF5}.Release|Any CPU.ActiveCfg = Release|Any CPU
		{BFB1FBB3-626B-49AF-B341-40C3A9062DF5}.Release|Any CPU.Build.0 = Release|Any CPU
		{BFB1FBB3-626B-49AF-B341-40C3A9062DF5}.Release|x64.ActiveCfg = Release|Any CPU
		{BFB1FBB3-626B-49AF-B341-40C3A9062DF5}.Release|x64.Build.0 = Release|Any CPU
		{BFB1FBB3-626B-49AF-B341-40C3A9062DF5}.Release|x86.ActiveCfg = Release|Any CPU
		{BFB1FBB3-626B-49AF-B341-40C3A9062DF5}.Release|x86.Build.0 = Release|Any CPU
	EndGlobalSection
	GlobalSection(SolutionProperties) = preSolution
		HideSolutionNode = FALSE
	EndGlobalSection
	GlobalSection(NestedProjects) = preSolution
		{8C4A8C46-5F13-44D5-BAF2-9C96A038A00A} = {827E0CD3-B72D-47B6-A68D-7590B98EB39B}
		{C20CA9FF-3E8C-43FA-90D9-356173CFB081} = {827E0CD3-B72D-47B6-A68D-7590B98EB39B}
		{3C1E07CD-19EC-4770-B33B-3C4E6578C9F2} = {827E0CD3-B72D-47B6-A68D-7590B98EB39B}
		{E9040B24-94D0-470C-A7E1-EF54A88C14C0} = {827E0CD3-B72D-47B6-A68D-7590B98EB39B}
		{E4A8B6F7-D685-4AE2-8824-D921B046D14E} = {827E0CD3-B72D-47B6-A68D-7590B98EB39B}
		{70507F7A-92CC-47E7-B067-1DB431D22F1A} = {827E0CD3-B72D-47B6-A68D-7590B98EB39B}
		{A585B548-E601-434E-ACE2-377CF9237591} = {0AB3BF05-4346-4AA6-1389-037BE0695223}
		{F9AA635A-2264-4223-B6FF-0C86405E7C25} = {0AB3BF05-4346-4AA6-1389-037BE0695223}
		{F12AB107-4925-4080-A5DA-15849F9E5958} = {0AB3BF05-4346-4AA6-1389-037BE0695223}
		{5B392ED3-85C5-416B-81E4-6AC6896D42D3} = {827E0CD3-B72D-47B6-A68D-7590B98EB39B}
		{46712667-D981-4637-B9E9-FCC574FC3950} = {0AB3BF05-4346-4AA6-1389-037BE0695223}
		{56A73F0B-CBC2-4233-8A11-4FC0D5C187B6} = {827E0CD3-B72D-47B6-A68D-7590B98EB39B}
		{C761A616-E8CE-4E49-B090-A6453F41E3A9} = {827E0CD3-B72D-47B6-A68D-7590B98EB39B}
		{BFB1FBB3-626B-49AF-B341-40C3A9062DF5} = {827E0CD3-B72D-47B6-A68D-7590B98EB39B}
	EndGlobalSection
EndGlobal
